# This file is automatically @generated by Cargo.
# It is not intended for manual editing.
version = 3

[[package]]
name = "new-drug-reimbursement-game"
version = "0.1.0"
dependencies = [
 "uogto-game-core",
 "uogto-game-solve",
]

[[package]]
name = "uogto-game-core"
version = "0.1.0"

[[package]]
name = "uogto-game-solve"
version = "0.1.0"
dependencies = [
 "uogto-game-core",
]
